
Microsoft Visual Studio Solution File, Format Version 12.00
# Visual Studio Version 17
VisualStudioVersion = 17.0.32014.148
MinimumVisualStudioVersion = 10.0.40219.1
Project("{FAE04EC0-301F-11D3-BF4B-00C04F79EFBC}") = "ePizzaHub.Entities", "ePizzaHub.Entities\ePizzaHub.Entities.csproj", "{EF640E73-5E5A-4DA5-914F-9A8D89FE8057}"
EndProject
Project("{FAE04EC0-301F-11D3-BF4B-00C04F79EFBC}") = "ePizzaHub.DAL", "ePizzaHub.DAL\ePizzaHub.DAL.csproj", "{E3A64A14-2488-4478-94DC-0C6B2521ECFF}"
EndProject
Project("{FAE04EC0-301F-11D3-BF4B-00C04F79EFBC}") = "ePizzaHub.Services", "ePizzaHub.Services\ePizzaHub.Services.csproj", "{C5004A6F-C2E3-4367-B5D8-78A9C5C05AEC}"
EndProject
Project("{FAE04EC0-301F-11D3-BF4B-00C04F79EFBC}") = "ePizzaHub.Models", "ePizzaHub.Models\ePizzaHub.Models.csproj", "{C06389A7-931D-48A6-89BF-6F125FBF2EDB}"
EndProject
Project("{FAE04EC0-301F-11D3-BF4B-00C04F79EFBC}") = "ePizzaHub.WebUI", "ePizzaHub.WebUI\ePizzaHub.WebUI.csproj", "{64FF6B74-8324-476B-9AD1-86D7E8CB5930}"
EndProject
Global
	GlobalSection(SolutionConfigurationPlatforms) = preSolution
		Debug|Any CPU = Debug|Any CPU
		Release|Any CPU = Release|Any CPU
	EndGlobalSection
	GlobalSection(ProjectConfigurationPlatforms) = postSolution
		{EF640E73-5E5A-4DA5-914F-9A8D89FE8057}.Debug|Any CPU.ActiveCfg = Debug|Any CPU
		{EF640E73-5E5A-4DA5-914F-9A8D89FE8057}.Debug|Any CPU.Build.0 = Debug|Any CPU
		{EF640E73-5E5A-4DA5-914F-9A8D89FE8057}.Release|Any CPU.ActiveCfg = Release|Any CPU
		{EF640E73-5E5A-4DA5-914F-9A8D89FE8057}.Release|Any CPU.Build.0 = Release|Any CPU
		{E3A64A14-2488-4478-94DC-0C6B2521ECFF}.Debug|Any CPU.ActiveCfg = Debug|Any CPU
		{E3A64A14-2488-4478-94DC-0C6B2521ECFF}.Debug|Any CPU.Build.0 = Debug|Any CPU
		{E3A64A14-2488-4478-94DC-0C6B2521ECFF}.Release|Any CPU.ActiveCfg = Release|Any CPU
		{E3A64A14-2488-4478-94DC-0C6B2521ECFF}.Release|Any CPU.Build.0 = Release|Any CPU
		{C5004A6F-C2E3-4367-B5D8-78A9C5C05AEC}.Debug|Any CPU.ActiveCfg = Debug|Any CPU
		{C5004A6F-C2E3-4367-B5D8-78A9C5C05AEC}.Debug|Any CPU.Build.0 = Debug|Any CPU
		{C5004A6F-C2E3-4367-B5D8-78A9C5C05AEC}.Release|Any CPU.ActiveCfg = Release|Any CPU
		{C5004A6F-C2E3-4367-B5D8-78A9C5C05AEC}.Release|Any CPU.Build.0 = Release|Any CPU
		{C06389A7-931D-48A6-89BF-6F125FBF2EDB}.Debug|Any CPU.ActiveCfg = Debug|Any CPU
		{C06389A7-931D-48A6-89BF-6F125FBF2EDB}.Debug|Any CPU.Build.0 = Debug|Any CPU
		{C06389A7-931D-48A6-89BF-6F125FBF2EDB}.Release|Any CPU.ActiveCfg = Release|Any CPU
		{C06389A7-931D-48A6-89BF-6F125FBF2EDB}.Release|Any CPU.Build.0 = Release|Any CPU
		{64FF6B74-8324-476B-9AD1-86D7E8CB5930}.Debug|Any CPU.ActiveCfg = Debug|Any CPU
		{64FF6B74-8324-476B-9AD1-86D7E8CB5930}.Debug|Any CPU.Build.0 = Debug|Any CPU
		{64FF6B74-8324-476B-9AD1-86D7E8CB5930}.Release|Any CPU.ActiveCfg = Release|Any CPU
		{64FF6B74-8324-476B-9AD1-86D7E8CB5930}.Release|Any CPU.Build.0 = Release|Any CPU
	EndGlobalSection
	GlobalSection(SolutionProperties) = preSolution
		HideSolutionNode = FALSE
	EndGlobalSection
	GlobalSection(ExtensibilityGlobals) = postSolution
		SolutionGuid = {C48B7C4A-B71B-478D-87AF-D4A72A91AE08}
	EndGlobalSection
EndGlobal
